
Microsoft Visual Studio Solution File, Format Version 12.00
# Visual Studio Version 17
VisualStudioVersion = 17.3.32825.248
MinimumVisualStudioVersion = 10.0.40219.1
Project("{FAE04EC0-301F-11D3-BF4B-00C04F79EFBC}") = "ReminderProgram", "ReminderProgram\ReminderProgram.csproj", "{35B2D756-6B5F-4394-837C-B1E7EF6DCF6A}"
EndProject
Global
	GlobalSection(SolutionConfigurationPlatforms) = preSolution
		Debug|Any CPU = Debug|Any CPU
		Release|Any CPU = Release|Any CPU
	EndGlobalSection
	GlobalSection(ProjectConfigurationPlatforms) = postSolution
		{35B2D756-6B5F-4394-837C-B1E7EF6DCF6A}.Debug|Any CPU.ActiveCfg = Debug|Any CPU
		{35B2D756-6B5F-4394-837C-B1E7EF6DCF6A}.Debug|Any CPU.Build.0 = Debug|Any CPU
		{35B2D756-6B5F-4394-837C-B1E7EF6DCF6A}.Release|Any CPU.ActiveCfg = Release|Any CPU
		{35B2D756-6B5F-4394-837C-B1E7EF6DCF6A}.Release|Any CPU.Build.0 = Release|Any CPU
	EndGlobalSection
	GlobalSection(SolutionProperties) = preSolution
		HideSolutionNode = FALSE
	EndGlobalSection
	GlobalSection(ExtensibilityGlobals) = postSolution
		SolutionGuid = {78EE0B93-310E-4C49-8FC0-4B1E9293CC1E}
	EndGlobalSection
EndGlobal
